
Microsoft Visual Studio Solution File, Format Version 12.00
# Visual Studio 15
VisualStudioVersion = 15.0.27703.2042
MinimumVisualStudioVersion = 10.0.40219.1
Project("{FAE04EC0-301F-11D3-BF4B-00C04F79EFBC}") = "MvcMovie", "MvcMovie\MvcMovie.csproj", "{843623C9-9686-4D00-97AD-CB8688800A6A}"
EndProject
Global
	GlobalSection(SolutionConfigurationPlatforms) = preSolution
		Debug|Any CPU = Debug|Any CPU
		Release|Any CPU = Release|Any CPU
	EndGlobalSection
	GlobalSection(ProjectConfigurationPlatforms) = postSolution
		{843623C9-9686-4D00-97AD-CB8688800A6A}.Debug|Any CPU.ActiveCfg = Debug|Any CPU
		{843623C9-9686-4D00-97AD-CB8688800A6A}.Debug|Any CPU.Build.0 = Debug|Any CPU
		{843623C9-9686-4D00-97AD-CB8688800A6A}.Release|Any CPU.ActiveCfg = Release|Any CPU
		{843623C9-9686-4D00-97AD-CB8688800A6A}.Release|Any CPU.Build.0 = Release|Any CPU
	EndGlobalSection
	GlobalSection(SolutionProperties) = preSolution
		HideSolutionNode = FALSE
	EndGlobalSection
	GlobalSection(ExtensibilityGlobals) = postSolution
		SolutionGuid = {7C426AFA-37F8-47BE-ADC2-60D7B904008C}
	EndGlobalSection
EndGlobal
